
Microsoft Visual Studio Solution File, Format Version 12.00
# Visual Studio Version 16
VisualStudioVersion = 16.0.30503.244
MinimumVisualStudioVersion = 10.0.40219.1
Project("{FAE04EC0-301F-11D3-BF4B-00C04F79EFBC}") = "Excelgen", "Excelgen\Excelgen.csproj", "{BD27E22B-0494-4648-A74B-A67CF43504C5}"
EndProject
Global
	GlobalSection(SolutionConfigurationPlatforms) = preSolution
		Debug|Any CPU = Debug|Any CPU
		Release|Any CPU = Release|Any CPU
	EndGlobalSection
	GlobalSection(ProjectConfigurationPlatforms) = postSolution
		{BD27E22B-0494-4648-A74B-A67CF43504C5}.Debug|Any CPU.ActiveCfg = Debug|Any CPU
		{BD27E22B-0494-4648-A74B-A67CF43504C5}.Debug|Any CPU.Build.0 = Debug|Any CPU
		{BD27E22B-0494-4648-A74B-A67CF43504C5}.Release|Any CPU.ActiveCfg = Release|Any CPU
		{BD27E22B-0494-4648-A74B-A67CF43504C5}.Release|Any CPU.Build.0 = Release|Any CPU
	EndGlobalSection
	GlobalSection(SolutionProperties) = preSolution
		HideSolutionNode = FALSE
	EndGlobalSection
	GlobalSection(ExtensibilityGlobals) = postSolution
		SolutionGuid = {02E80E32-A53E-4DAF-8EDF-F122B42C11FE}
	EndGlobalSection
EndGlobal
