
Microsoft Visual Studio Solution File, Format Version 12.00
# Visual Studio Version 16
VisualStudioVersion = 16.0.30611.23
MinimumVisualStudioVersion = 10.0.40219.1
Project("{FAE04EC0-301F-11D3-BF4B-00C04F79EFBC}") = "mikroszimulacio2", "mikroszimulacio2\mikroszimulacio2.csproj", "{370E1F16-52C6-49A4-B64A-14C28D596D91}"
EndProject
Global
	GlobalSection(SolutionConfigurationPlatforms) = preSolution
		Debug|Any CPU = Debug|Any CPU
		Release|Any CPU = Release|Any CPU
	EndGlobalSection
	GlobalSection(ProjectConfigurationPlatforms) = postSolution
		{370E1F16-52C6-49A4-B64A-14C28D596D91}.Debug|Any CPU.ActiveCfg = Debug|Any CPU
		{370E1F16-52C6-49A4-B64A-14C28D596D91}.Debug|Any CPU.Build.0 = Debug|Any CPU
		{370E1F16-52C6-49A4-B64A-14C28D596D91}.Release|Any CPU.ActiveCfg = Release|Any CPU
		{370E1F16-52C6-49A4-B64A-14C28D596D91}.Release|Any CPU.Build.0 = Release|Any CPU
	EndGlobalSection
	GlobalSection(SolutionProperties) = preSolution
		HideSolutionNode = FALSE
	EndGlobalSection
	GlobalSection(ExtensibilityGlobals) = postSolution
		SolutionGuid = {80A2DF46-B5DA-42EC-94E1-7131C7ED039D}
	EndGlobalSection
EndGlobal
